{
  "name": "inet-henge-react",
  "version": "1.0.0",
  "lockfileVersion": 3,
  "requires": true,
  "packages": {
    "": {
      "name": "inet-henge-react",
      "version": "1.0.0",
      "license": "MIT",
      "dependencies": {
        "cola": "npm:webcola@^3.4.0",
        "d3": "~3"
      },
      "devDependencies": {
        "@types/react": "^19.2.14",
        "react": "^19.2.5"
      },
      "peerDependencies": {
        "inet-henge": "^1.4.9",
        "react": ">=18"
      }
    },
    "node_modules/@types/react": {
      "version": "19.2.14",
      "resolved": "https://registry.npmjs.org/@types/react/-/react-19.2.14.tgz",
      "integrity": "sha512-ilcTH/UniCkMdtexkoCN0bI7pMcJDvmQFPvuPvmEaYA/NSfFTAgdUSLAoVjaRJm7+6PvcM+q1zYOwS4wTYMF9w==",
      "dev": true,
      "license": "MIT",
      "dependencies": {
        "csstype": "^3.2.2"
      }
    },
    "node_modules/cola": {
      "name": "webcola",
      "version": "3.4.0",
      "resolved": "https://registry.npmjs.org/webcola/-/webcola-3.4.0.tgz",
      "integrity": "sha512-4BiLXjXw3SJHo3Xd+rF+7fyClT6n7I+AR6TkBqyQ4kTsePSAMDLRCXY1f3B/kXJeP9tYn4G1TblxTO+jAt0gaw==",
      "license": "MIT",
      "dependencies": {
        "d3-dispatch": "^1.0.3",
        "d3-drag": "^1.0.4",
        "d3-shape": "^1.3.5",
        "d3-timer": "^1.0.5"
      }
    },
    "node_modules/csstype": {
      "version": "3.2.3",
      "resolved": "https://registry.npmjs.org/csstype/-/csstype-3.2.3.tgz",
      "integrity": "sha512-z1HGKcYy2xA8AGQfwrn0PAy+PB7X/GSj3UVJW9qKyn43xWa+gl5nXmU4qqLMRzWVLFC8KusUX8T/0kCiOYpAIQ==",
      "dev": true,
      "license": "MIT"
    },
    "node_modules/d3": {
      "version": "3.5.17",
      "resolved": "https://registry.npmjs.org/d3/-/d3-3.5.17.tgz",
      "integrity": "sha512-yFk/2idb8OHPKkbAL8QaOaqENNoMhIaSHZerk3oQsECwkObkCpJyjYwCe+OHiq6UEdhe1m8ZGARRRO3ljFjlKg==",
      "license": "BSD-3-Clause"
    },
    "node_modules/d3-dispatch": {
      "version": "1.0.6",
      "resolved": "https://registry.npmjs.org/d3-dispatch/-/d3-dispatch-1.0.6.tgz",
      "integrity": "sha512-fVjoElzjhCEy+Hbn8KygnmMS7Or0a9sI2UzGwoB7cCtvI1XpVN9GpoYlnb3xt2YV66oXYb1fLJ8GMvP4hdU1RA==",
      "license": "BSD-3-Clause"
    },
    "node_modules/d3-drag": {
      "version": "1.2.5",
      "resolved": "https://registry.npmjs.org/d3-drag/-/d3-drag-1.2.5.tgz",
      "integrity": "sha512-rD1ohlkKQwMZYkQlYVCrSFxsWPzI97+W+PaEIBNTMxRuxz9RF0Hi5nJWHGVJ3Om9d2fRTe1yOBINJyy/ahV95w==",
      "license": "BSD-3-Clause",
      "dependencies": {
        "d3-dispatch": "1",
        "d3-selection": "1"
      }
    },
    "node_modules/d3-path": {
      "version": "1.0.9",
      "resolved": "https://registry.npmjs.org/d3-path/-/d3-path-1.0.9.tgz",
      "integrity": "sha512-VLaYcn81dtHVTjEHd8B+pbe9yHWpXKZUC87PzoFmsFrJqgFwDe/qxfp5MlfsfM1V5E/iVt0MmEbWQ7FVIXh/bg==",
      "license": "BSD-3-Clause"
    },
    "node_modules/d3-selection": {
      "version": "1.4.2",
      "resolved": "https://registry.npmjs.org/d3-selection/-/d3-selection-1.4.2.tgz",
      "integrity": "sha512-SJ0BqYihzOjDnnlfyeHT0e30k0K1+5sR3d5fNueCNeuhZTnGw4M4o8mqJchSwgKMXCNFo+e2VTChiSJ0vYtXkg==",
      "license": "BSD-3-Clause"
    },
    "node_modules/d3-shape": {
      "version": "1.3.7",
      "resolved": "https://registry.npmjs.org/d3-shape/-/d3-shape-1.3.7.tgz",
      "integrity": "sha512-EUkvKjqPFUAZyOlhY5gzCxCeI0Aep04LwIRpsZ/mLFelJiUfnK56jo5JMDSE7yyP2kLSb6LtF+S5chMk7uqPqw==",
      "license": "BSD-3-Clause",
      "dependencies": {
        "d3-path": "1"
      }
    },
    "node_modules/d3-timer": {
      "version": "1.0.10",
      "resolved": "https://registry.npmjs.org/d3-timer/-/d3-timer-1.0.10.tgz",
      "integrity": "sha512-B1JDm0XDaQC+uvo4DT79H0XmBskgS3l6Ve+1SBCfxgmtIb1AVrPIoqd+nPSv+loMX8szQ0sVUhGngL7D5QPiXw==",
      "license": "BSD-3-Clause"
    },
    "node_modules/inet-henge": {
      "version": "1.4.9",
      "resolved": "https://registry.npmjs.org/inet-henge/-/inet-henge-1.4.9.tgz",
      "integrity": "sha512-vLiBb77opNZziQJGLACNmMCCRMvq7ElksASvDILdK43KwcP4gKPANJxYhf9N2zoFnL5n8cp1Z/qMd1ml2f6YJg==",
      "license": "MIT",
      "peer": true
    },
    "node_modules/react": {
      "version": "19.2.5",
      "resolved": "https://registry.npmjs.org/react/-/react-19.2.5.tgz",
      "integrity": "sha512-llUJLzz1zTUBrskt2pwZgLq59AemifIftw4aB7JxOqf1HY2FDaGDxgwpAPVzHU1kdWabH7FauP4i1oEeer2WCA==",
      "dev": true,
      "license": "MIT",
      "engines": {
        "node": ">=0.10.0"
      }
    }
  }
}
